
Microsoft Visual Studio Solution File, Format Version 12.00
# Visual Studio 2012
Project("{FAE04EC0-301F-11D3-BF4B-00C04F79EFBC}") = "MyNet.WebServices", "MyNet.WebServices\MyNet.WebServices.csproj", "{954C34DB-DDFE-4D44-BF0D-EFA7B5893E04}"
EndProject
Global
	GlobalSection(SolutionConfigurationPlatforms) = preSolution
		Debug|Any CPU = Debug|Any CPU
		Release|Any CPU = Release|Any CPU
	EndGlobalSection
	GlobalSection(ProjectConfigurationPlatforms) = postSolution
		{954C34DB-DDFE-4D44-BF0D-EFA7B5893E04}.Debug|Any CPU.ActiveCfg = Debug|Any CPU
		{954C34DB-DDFE-4D44-BF0D-EFA7B5893E04}.Debug|Any CPU.Build.0 = Debug|Any CPU
		{954C34DB-DDFE-4D44-BF0D-EFA7B5893E04}.Release|Any CPU.ActiveCfg = Release|Any CPU
		{954C34DB-DDFE-4D44-BF0D-EFA7B5893E04}.Release|Any CPU.Build.0 = Release|Any CPU
	EndGlobalSection
	GlobalSection(SolutionProperties) = preSolution
		HideSolutionNode = FALSE
	EndGlobalSection
EndGlobal
